// !$*UTF8*$!
{
	archiveVersion = 1;
	classes = {
	};
	objectVersion = 50;
	objects = {

/* Begin PBXBuildFile section */
		1F907945F870F250AC7F82D9 /* Pods_flixUITests.framework in Frameworks */ = {isa = PBXBuildFile; fileRef = F685FD669A7DF48101FF627D /* Pods_flixUITests.framework */; };
		6F8D0820B7D5233A1BCDBD97 /* Pods_flix.framework in Frameworks */ = {isa = PBXBuildFile; fileRef = 9F4D90FFD4F39040854189D4 /* Pods_flix.framework */; };
		7110F667220D493500A8116C /* AppDelegate.swift in Sources */ = {isa = PBXBuildFile; fileRef = 7110F666220D493500A8116C /* AppDelegate.swift */; };
		7110F669220D493500A8116C /* ViewController.swift in Sources */ = {isa = PBXBuildFile; fileRef = 7110F668220D493500A8116C /* ViewController.swift */; };
		7110F66C220D493500A8116C /* Main.storyboard in Resources */ = {isa = PBXBuildFile; fileRef = 7110F66A220D493500A8116C /* Main.storyboard */; };
		7110F66E220D493800A8116C /* Assets.xcassets in Resources */ = {isa = PBXBuildFile; fileRef = 7110F66D220D493800A8116C /* Assets.xcassets */; };
		7110F671220D493800A8116C /* LaunchScreen.storyboard in Resources */ = {isa = PBXBuildFile; fileRef = 7110F66F220D493800A8116C /* LaunchScreen.storyboard */; };
		7110F67C220D493800A8116C /* flixTests.swift in Sources */ = {isa = PBXBuildFile; fileRef = 7110F67B220D493800A8116C /* flixTests.swift */; };
		7110F687220D493800A8116C /* flixUITests.swift in Sources */ = {isa = PBXBuildFile; fileRef = 7110F686220D493800A8116C /* flixUITests.swift */; };
		7110F695220D5F2100A8116C /* MovieCell.swift in Sources */ = {isa = PBXBuildFile; fileRef = 7110F694220D5F2100A8116C /* MovieCell.swift */; };
		7CF073B9D84BF9324A829B89 /* Pods_flixTests.framework in Frameworks */ = {isa = PBXBuildFile; fileRef = 35A3FF1D5644798762885BA8 /* Pods_flixTests.framework */; };
/* End PBXBuildFile section */

/* Begin PBXContainerItemProxy section */
		7110F678220D493800A8116C /* PBXContainerItemProxy */ = {
			isa = PBXContainerItemProxy;
			containerPortal = 7110F65B220D493500A8116C /* Project object */;
			proxyType = 1;
			remoteGlobalIDString = 7110F662220D493500A8116C;
			remoteInfo = flix;
		};
		7110F683220D493800A8116C /* PBXContainerItemProxy */ = {
			isa = PBXContainerItemProxy;
			containerPortal = 7110F65B220D493500A8116C /* Project object */;
			proxyType = 1;
			remoteGlobalIDString = 7110F662220D493500A8116C;
			remoteInfo = flix;
		};
/* End PBXContainerItemProxy section */

/* Begin PBXFileReference section */
		26240B22259ABB4EC74C742B /* Pods-flixTests.release.xcconfig */ = {isa = PBXFileReference; includeInIndex = 1; lastKnownFileType = text.xcconfig; name = "Pods-flixTests.release.xcconfig"; path = "Pods/Target Support Files/Pods-flixTests/Pods-flixTests.release.xcconfig"; sourceTree = "<group>"; };
		35A3FF1D5644798762885BA8 /* Pods_flixTests.framework */ = {isa = PBXFileReference; explicitFileType = wrapper.framework; includeInIndex = 0; path = Pods_flixTests.framework; sourceTree = BUILT_PRODUCTS_DIR; };
		473F003F8CC1292E6871C0E4 /* Pods-flix.debug.xcconfig */ = {isa = PBXFileReference; includeInIndex = 1; lastKnownFileType = text.xcconfig; name = "Pods-flix.debug.xcconfig"; path = "Pods/Target Support Files/Pods-flix/Pods-flix.debug.xcconfig"; sourceTree = "<group>"; };
		7110F663220D493500A8116C /* flix.app */ = {isa = PBXFileReference; explicitFileType = wrapper.application; includeInIndex = 0; path = flix.app; sourceTree = BUILT_PRODUCTS_DIR; };
		7110F666220D493500A8116C /* AppDelegate.swift */ = {isa = PBXFileReference; lastKnownFileType = sourcecode.swift; path = AppDelegate.swift; sourceTree = "<group>"; };
		7110F668220D493500A8116C /* ViewController.swift */ = {isa = PBXFileReference; lastKnownFileType = sourcecode.swift; path = ViewController.swift; sourceTree = "<group>"; };
		7110F66B220D493500A8116C /* Base */ = {isa = PBXFileReference; lastKnownFileType = file.storyboard; name = Base; path = Base.lproj/Main.storyboard; sourceTree = "<group>"; };
		7110F66D220D493800A8116C /* Assets.xcassets */ = {isa = PBXFileReference; lastKnownFileType = folder.assetcatalog; path = Assets.xcassets; sourceTree = "<group>"; };
		7110F670220D493800A8116C /* Base */ = {isa = PBXFileReference; lastKnownFileType = file.storyboard; name = Base; path = Base.lproj/LaunchScreen.storyboard; sourceTree = "<group>"; };
		7110F672220D493800A8116C /* Info.plist */ = {isa = PBXFileReference; lastKnownFileType = text.plist.xml; path = Info.plist; sourceTree = "<group>"; };
		7110F677220D493800A8116C /* flixTests.xctest */ = {isa = PBXFileReference; explicitFileType = wrapper.cfbundle; includeInIndex = 0; path = flixTests.xctest; sourceTree = BUILT_PRODUCTS_DIR; };
		7110F67B220D493800A8116C /* flixTests.swift */ = {isa = PBXFileReference; lastKnownFileType = sourcecode.swift; path = flixTests.swift; sourceTree = "<group>"; };
		7110F67D220D493800A8116C /* Info.plist */ = {isa = PBXFileReference; lastKnownFileType = text.plist.xml; path = Info.plist; sourceTree = "<group>"; };
		7110F682220D493800A8116C /* flixUITests.xctest */ = {isa = PBXFileReference; explicitFileType = wrapper.cfbundle; includeInIndex = 0; path = flixUITests.xctest; sourceTree = BUILT_PRODUCTS_DIR; };
		7110F686220D493800A8116C /* flixUITests.swift */ = {isa = PBXFileReference; lastKnownFileType = sourcecode.swift; path = flixUITests.swift; sourceTree = "<group>"; };
		7110F688220D493800A8116C /* Info.plist */ = {isa = PBXFileReference; lastKnownFileType = text.plist.xml; path = Info.plist; sourceTree = "<group>"; };
		7110F694220D5F2100A8116C /* MovieCell.swift */ = {isa = PBXFileReference; lastKnownFileType = sourcecode.swift; path = MovieCell.swift; sourceTree = "<group>"; };
		8B5D77A60DFDF07DA1941BF9 /* Pods-flixTests.debug.xcconfig */ = {isa = PBXFileReference; includeInIndex = 1; lastKnownFileType = text.xcconfig; name = "Pods-flixTests.debug.xcconfig"; path = "Pods/Target Support Files/Pods-flixTests/Pods-flixTests.debug.xcconfig"; sourceTree = "<group>"; };
		9F4D90FFD4F39040854189D4 /* Pods_flix.framework */ = {isa = PBXFileReference; explicitFileType = wrapper.framework; includeInIndex = 0; path = Pods_flix.framework; sourceTree = BUILT_PRODUCTS_DIR; };
		B37E84904F45E45C7AAC3C71 /* Pods-flix.release.xcconfig */ = {isa = PBXFileReference; includeInIndex = 1; lastKnownFileType = text.xcconfig; name = "Pods-flix.release.xcconfig"; path = "Pods/Target Support Files/Pods-flix/Pods-flix.release.xcconfig"; sourceTree = "<group>"; };
		B39492387A6988B28F11C236 /* Pods-flixUITests.release.xcconfig */ = {isa = PBXFileReference; includeInIndex = 1; lastKnownFileType = text.xcconfig; name = "Pods-flixUITests.release.xcconfig"; path = "Pods/Target Support Files/Pods-flixUITests/Pods-flixUITests.release.xcconfig"; sourceTree = "<group>"; };
		D2117FA869C4AB26A48FA40B /* Pods-flixUITests.debug.xcconfig */ = {isa = PBXFileReference; includeInIndex = 1; lastKnownFileType = text.xcconfig; name = "Pods-flixUITests.debug.xcconfig"; path = "Pods/Target Support Files/Pods-flixUITests/Pods-flixUITests.debug.xcconfig"; sourceTree = "<group>"; };
		F685FD669A7DF48101FF627D /* Pods_flixUITests.framework */ = {isa = PBXFileReference; explicitFileType = wrapper.framework; includeInIndex = 0; path = Pods_flixUITests.framework; sourceTree = BUILT_PRODUCTS_DIR; };
/* End PBXFileReference section */

/* Begin PBXFrameworksBuildPhase section */
		7110F660220D493500A8116C /* Frameworks */ = {
			isa = PBXFrameworksBuildPhase;
			buildActionMask = 2147483647;
			files = (
				6F8D0820B7D5233A1BCDBD97 /* Pods_flix.framework in Frameworks */,
			);
			runOnlyForDeploymentPostprocessing = 0;
		};
		7110F674220D493800A8116C /* Frameworks */ = {
			isa = PBXFrameworksBuildPhase;
			buildActionMask = 2147483647;
			files = (
				7CF073B9D84BF9324A829B89 /* Pods_flixTests.framework in Frameworks */,
			);
			runOnlyForDeploymentPostprocessing = 0;
		};
		7110F67F220D493800A8116C /* Frameworks */ = {
			isa = PBXFrameworksBuildPhase;
			buildActionMask = 2147483647;
			files = (
				1F907945F870F250AC7F82D9 /* Pods_flixUITests.framework in Frameworks */,
			);
			runOnlyForDeploymentPostprocessing = 0;
		};
/* End PBXFrameworksBuildPhase section */

/* Begin PBXGroup section */
		3F2473145F6344024358BBB3 /* Pods */ = {
			isa = PBXGroup;
			children = (
				473F003F8CC1292E6871C0E4 /* Pods-flix.debug.xcconfig */,
				B37E84904F45E45C7AAC3C71 /* Pods-flix.release.xcconfig */,
				8B5D77A60DFDF07DA1941BF9 /* Pods-flixTests.debug.xcconfig */,
				26240B22259ABB4EC74C742B /* Pods-flixTests.release.xcconfig */,
				D2117FA869C4AB26A48FA40B /* Pods-flixUITests.debug.xcconfig */,
				B39492387A6988B28F11C236 /* Pods-flixUITests.release.xcconfig */,
			);
			name = Pods;
			sourceTree = "<group>";
		};
		7110F65A220D493500A8116C = {
			isa = PBXGroup;
			children = (
				7110F694220D5F2100A8116C /* MovieCell.swift */,
				7110F665220D493500A8116C /* flix */,
				7110F67A220D493800A8116C /* flixTests */,
				7110F685220D493800A8116C /* flixUITests */,
				7110F664220D493500A8116C /* Products */,
				3F2473145F6344024358BBB3 /* Pods */,
				84723373693C912D51F37AB8 /* Frameworks */,
			);
			sourceTree = "<group>";
		};
		7110F664220D493500A8116C /* Products */ = {
			isa = PBXGroup;
			children = (
				7110F663220D493500A8116C /* flix.app */,
				7110F677220D493800A8116C /* flixTests.xctest */,
				7110F682220D493800A8116C /* flixUITests.xctest */,
			);
			name = Products;
			sourceTree = "<group>";
		};
		7110F665220D493500A8116C /* flix */ = {
			isa = PBXGroup;
			children = (
				7110F666220D493500A8116C /* AppDelegate.swift */,
				7110F668220D493500A8116C /* ViewController.swift */,
				7110F66A220D493500A8116C /* Main.storyboard */,
				7110F66D220D493800A8116C /* Assets.xcassets */,
				7110F66F220D493800A8116C /* LaunchScreen.storyboard */,
				7110F672220D493800A8116C /* Info.plist */,
			);
			path = flix;
			sourceTree = "<group>";
		};
		7110F67A220D493800A8116C /* flixTests */ = {
			isa = PBXGroup;
			children = (
				7110F67B220D493800A8116C /* flixTests.swift */,
				7110F67D220D493800A8116C /* Info.plist */,
			);
			path = flixTests;
			sourceTree = "<group>";
		};
		7110F685220D493800A8116C /* flixUITests */ = {
			isa = PBXGroup;
			children = (
				7110F686220D493800A8116C /* flixUITests.swift */,
				7110F688220D493800A8116C /* Info.plist */,
			);
			path = flixUITests;
			sourceTree = "<group>";
		};
		84723373693C912D51F37AB8 /* Frameworks */ = {
			isa = PBXGroup;
			children = (
				9F4D90FFD4F39040854189D4 /* Pods_flix.framework */,
				35A3FF1D5644798762885BA8 /* Pods_flixTests.framework */,
				F685FD669A7DF48101FF627D /* Pods_flixUITests.framework */,
			);
			name = Frameworks;
			sourceTree = "<group>";
		};
/* End PBXGroup section */

/* Begin PBXNativeTarget section */
		7110F662220D493500A8116C /* flix */ = {
			isa = PBXNativeTarget;
			buildConfigurationList = 7110F68B220D493800A8116C /* Build configuration list for PBXNativeTarget "flix" */;
			buildPhases = (
				79A79521C0885ABBF7FF6304 /* [CP] Check Pods Manifest.lock */,
				7110F65F220D493500A8116C /* Sources */,
				7110F660220D493500A8116C /* Frameworks */,
				7110F661220D493500A8116C /* Resources */,
				C01D475EE7F11B1634EA7B17 /* [CP] Embed Pods Frameworks */,
			);
			buildRules = (
			);
			dependencies = (
			);
			name = flix;
			productName = flix;
			productReference = 7110F663220D493500A8116C /* flix.app */;
			productType = "com.apple.product-type.application";
		};
		7110F676220D493800A8116C /* flixTests */ = {
			isa = PBXNativeTarget;
			buildConfigurationList = 7110F68E220D493800A8116C /* Build configuration list for PBXNativeTarget "flixTests" */;
			buildPhases = (
				2594BB6A418FBB1DC29FDE08 /* [CP] Check Pods Manifest.lock */,
				7110F673220D493800A8116C /* Sources */,
				7110F674220D493800A8116C /* Frameworks */,
				7110F675220D493800A8116C /* Resources */,
			);
			buildRules = (
			);
			dependencies = (
				7110F679220D493800A8116C /* PBXTargetDependency */,
			);
			name = flixTests;
			productName = flixTests;
			productReference = 7110F677220D493800A8116C /* flixTests.xctest */;
			productType = "com.apple.product-type.bundle.unit-test";
		};
		7110F681220D493800A8116C /* flixUITests */ = {
			isa = PBXNativeTarget;
			buildConfigurationList = 7110F691220D493800A8116C /* Build configuration list for PBXNativeTarget "flixUITests" */;
			buildPhases = (
				E14812B7E7299D064EFAB839 /* [CP] Check Pods Manifest.lock */,
				7110F67E220D493800A8116C /* Sources */,
				7110F67F220D493800A8116C /* Frameworks */,
				7110F680220D493800A8116C /* Resources */,
			);
			buildRules = (
			);
			dependencies = (
				7110F684220D493800A8116C /* PBXTargetDependency */,
			);
			name = flixUITests;
			productName = flixUITests;
			productReference = 7110F682220D493800A8116C /* flixUITests.xctest */;
			productType = "com.apple.product-type.bundle.ui-testing";
		};
/* End PBXNativeTarget section */

/* Begin PBXProject section */
		7110F65B220D493500A8116C /* Project object */ = {
			isa = PBXProject;
			attributes = {
				LastSwiftUpdateCheck = 1010;
				LastUpgradeCheck = 1010;
				ORGANIZATIONNAME = "Ezana Tesfaye";
				TargetAttributes = {
					7110F662220D493500A8116C = {
						CreatedOnToolsVersion = 10.1;
					};
					7110F676220D493800A8116C = {
						CreatedOnToolsVersion = 10.1;
						TestTargetID = 7110F662220D493500A8116C;
					};
					7110F681220D493800A8116C = {
						CreatedOnToolsVersion = 10.1;
						TestTargetID = 7110F662220D493500A8116C;
					};
				};
			};
			buildConfigurationList = 7110F65E220D493500A8116C /* Build configuration list for PBXProject "flix" */;
			compatibilityVersion = "Xcode 9.3";
			developmentRegion = en;
			hasScannedForEncodings = 0;
			knownRegions = (
				en,
				Base,
			);
			mainGroup = 7110F65A220D493500A8116C;
			productRefGroup = 7110F664220D493500A8116C /* Products */;
			projectDirPath = "";
			projectRoot = "";
			targets = (
				7110F662220D493500A8116C /* flix */,
				7110F676220D493800A8116C /* flixTests */,
				7110F681220D493800A8116C /* flixUITests */,
			);
		};
/* End PBXProject section */

/* Begin PBXResourcesBuildPhase section */
		7110F661220D493500A8116C /* Resources */ = {
			isa = PBXResourcesBuildPhase;
			buildActionMask = 2147483647;
			files = (
				7110F671220D493800A8116C /* LaunchScreen.storyboard in Resources */,
				7110F66E220D493800A8116C /* Assets.xcassets in Resources */,
				7110F66C220D493500A8116C /* Main.storyboard in Resources */,
			);
			runOnlyForDeploymentPostprocessing = 0;
		};
		7110F675220D493800A8116C /* Resources */ = {
			isa = PBXResourcesBuildPhase;
			buildActionMask = 2147483647;
			files = (
			);
			runOnlyForDeploymentPostprocessing = 0;
		};
		7110F680220D493800A8116C /* Resources */ = {
			isa = PBXResourcesBuildPhase;
			buildActionMask = 2147483647;
			files = (
			);
			runOnlyForDeploymentPostprocessing = 0;
		};
/* End PBXResourcesBuildPhase section */

/* Begin PBXShellScriptBuildPhase section */
		2594BB6A418FBB1DC29FDE08 /* [CP] Check Pods Manifest.lock */ = {
			isa = PBXShellScriptBuildPhase;
			buildActionMask = 2147483647;
			files = (
			);
			inputPaths = (
				"${PODS_PODFILE_DIR_PATH}/Podfile.lock",
				"${PODS_ROOT}/Manifest.lock",
			);
			name = "[CP] Check Pods Manifest.lock";
			outputPaths = (
				"$(DERIVED_FILE_DIR)/Pods-flixTests-checkManifestLockResult.txt",
			);
			runOnlyForDeploymentPostprocessing = 0;
			shellPath = /bin/sh;
			shellScript = "diff \"${PODS_PODFILE_DIR_PATH}/Podfile.lock\" \"${PODS_ROOT}/Manifest.lock\" > /dev/null\nif [ $? != 0 ] ; then\n    # print error to STDERR\n    echo \"error: The sandbox is not in sync with the Podfile.lock. Run 'pod install' or update your CocoaPods installation.\" >&2\n    exit 1\nfi\n# This output is used by Xcode 'outputs' to avoid re-running this script phase.\necho \"SUCCESS\" > \"${SCRIPT_OUTPUT_FILE_0}\"\n";
			showEnvVarsInLog = 0;
		};
		79A79521C0885ABBF7FF6304 /* [CP] Check Pods Manifest.lock */ = {
			isa = PBXShellScriptBuildPhase;
			buildActionMask = 2147483647;
			files = (
			);
			inputPaths = (
				"${PODS_PODFILE_DIR_PATH}/Podfile.lock",
				"${PODS_ROOT}/Manifest.lock",
			);
			name = "[CP] Check Pods Manifest.lock";
			outputPaths = (
				"$(DERIVED_FILE_DIR)/Pods-flix-checkManifestLockResult.txt",
			);
			runOnlyForDeploymentPostprocessing = 0;
			shellPath = /bin/sh;
			shellScript = "diff \"${PODS_PODFILE_DIR_PATH}/Podfile.lock\" \"${PODS_ROOT}/Manifest.lock\" > /dev/null\nif [ $? != 0 ] ; then\n    # print error to STDERR\n    echo \"error: The sandbox is not in sync with the Podfile.lock. Run 'pod install' or update your CocoaPods installation.\" >&2\n    exit 1\nfi\n# This output is used by Xcode 'outputs' to avoid re-running this script phase.\necho \"SUCCESS\" > \"${SCRIPT_OUTPUT_FILE_0}\"\n";
			showEnvVarsInLog = 0;
		};
		C01D475EE7F11B1634EA7B17 /* [CP] Embed Pods Frameworks */ = {
			isa = PBXShellScriptBuildPhase;
			buildActionMask = 2147483647;
			files = (
			);
			inputPaths = (
				"${SRCROOT}/Pods/Target Support Files/Pods-flix/Pods-flix-frameworks.sh",
				"${BUILT_PRODUCTS_DIR}/Alamofire/Alamofire.framework",
				"${BUILT_PRODUCTS_DIR}/AlamofireImage/AlamofireImage.framework",
			);
			name = "[CP] Embed Pods Frameworks";
			outputPaths = (
				"${TARGET_BUILD_DIR}/${FRAMEWORKS_FOLDER_PATH}/Alamofire.framework",
				"${TARGET_BUILD_DIR}/${FRAMEWORKS_FOLDER_PATH}/AlamofireImage.framework",
			);
			runOnlyForDeploymentPostprocessing = 0;
			shellPath = /bin/sh;
			shellScript = "\"${SRCROOT}/Pods/Target Support Files/Pods-flix/Pods-flix-frameworks.sh\"\n";
			showEnvVarsInLog = 0;
		};
		E14812B7E7299D064EFAB839 /* [CP] Check Pods Manifest.lock */ = {
			isa = PBXShellScriptBuildPhase;
			buildActionMask = 2147483647;
			files = (
			);
			inputPaths = (
				"${PODS_PODFILE_DIR_PATH}/Podfile.lock",
				"${PODS_ROOT}/Manifest.lock",
			);
			name = "[CP] Check Pods Manifest.lock";
			outputPaths = (
				"$(DERIVED_FILE_DIR)/Pods-flixUITests-checkManifestLockResult.txt",
			);
			runOnlyForDeploymentPostprocessing = 0;
			shellPath = /bin/sh;
			shellScript = "diff \"${PODS_PODFILE_DIR_PATH}/Podfile.lock\" \"${PODS_ROOT}/Manifest.lock\" > /dev/null\nif [ $? != 0 ] ; then\n    # print error to STDERR\n    echo \"error: The sandbox is not in sync with the Podfile.lock. Run 'pod install' or update your CocoaPods installation.\" >&2\n    exit 1\nfi\n# This output is used by Xcode 'outputs' to avoid re-running this script phase.\necho \"SUCCESS\" > \"${SCRIPT_OUTPUT_FILE_0}\"\n";
			showEnvVarsInLog = 0;
		};
/* End PBXShellScriptBuildPhase section */

/* Begin PBXSourcesBuildPhase section */
		7110F65F220D493500A8116C /* Sources */ = {
			isa = PBXSourcesBuildPhase;
			buildActionMask = 2147483647;
			files = (
				7110F669220D493500A8116C /* ViewController.swift in Sources */,
				7110F667220D493500A8116C /* AppDelegate.swift in Sources */,
				7110F695220D5F2100A8116C /* MovieCell.swift in Sources */,
			);
			runOnlyForDeploymentPostprocessing = 0;
		};
		7110F673220D493800A8116C /* Sources */ = {
			isa = PBXSourcesBuildPhase;
			buildActionMask = 2147483647;
			files = (
				7110F67C220D493800A8116C /* flixTests.swift in Sources */,
			);
			runOnlyForDeploymentPostprocessing = 0;
		};
		7110F67E220D493800A8116C /* Sources */ = {
			isa = PBXSourcesBuildPhase;
			buildActionMask = 2147483647;
			files = (
				7110F687220D493800A8116C /* flixUITests.swift in Sources */,
			);
			runOnlyForDeploymentPostprocessing = 0;
		};
/* End PBXSourcesBuildPhase section */

/* Begin PBXTargetDependency section */
		7110F679220D493800A8116C /* PBXTargetDependency */ = {
			isa = PBXTargetDependency;
			target = 7110F662220D493500A8116C /* flix */;
			targetProxy = 7110F678220D493800A8116C /* PBXContainerItemProxy */;
		};
		7110F684220D493800A8116C /* PBXTargetDependency */ = {
			isa = PBXTargetDependency;
			target = 7110F662220D493500A8116C /* flix */;
			targetProxy = 7110F683220D493800A8116C /* PBXContainerItemProxy */;
		};
/* End PBXTargetDependency section */

/* Begin PBXVariantGroup section */
		7110F66A220D493500A8116C /* Main.storyboard */ = {
			isa = PBXVariantGroup;
			children = (
				7110F66B220D493500A8116C /* Base */,
			);
			name = Main.storyboard;
			sourceTree = "<group>";
		};
		7110F66F220D493800A8116C /* LaunchScreen.storyboard */ = {
			isa = PBXVariantGroup;
			children = (
				7110F670220D493800A8116C /* Base */,
			);
			name = LaunchScreen.storyboard;
			sourceTree = "<group>";
		};
/* End PBXVariantGroup section */

/* Begin XCBuildConfiguration section */
		7110F689220D493800A8116C /* Debug */ = {
			isa = XCBuildConfiguration;
			buildSettings = {
				ALWAYS_SEARCH_USER_PATHS = NO;
				CLANG_ANALYZER_NONNULL = YES;
				CLANG_ANALYZER_NUMBER_OBJECT_CONVERSION = YES_AGGRESSIVE;
				CLANG_CXX_LANGUAGE_STANDARD = "gnu++14";
				CLANG_CXX_LIBRARY = "libc++";
				CLANG_ENABLE_MODULES = YES;
				CLANG_ENABLE_OBJC_ARC = YES;
				CLANG_ENABLE_OBJC_WEAK = YES;
				CLANG_WARN_BLOCK_CAPTURE_AUTORELEASING = YES;
				CLANG_WARN_BOOL_CONVERSION = YES;
				CLANG_WARN_COMMA = YES;
				CLANG_WARN_CONSTANT_CONVERSION = YES;
				CLANG_WARN_DEPRECATED_OBJC_IMPLEMENTATIONS = YES;
				CLANG_WARN_DIRECT_OBJC_ISA_USAGE = YES_ERROR;
				CLANG_WARN_DOCUMENTATION_COMMENTS = YES;
				CLANG_WARN_EMPTY_BODY = YES;
				CLANG_WARN_ENUM_CONVERSION = YES;
				CLANG_WARN_INFINITE_RECURSION = YES;
				CLANG_WARN_INT_CONVERSION = YES;
				CLANG_WARN_NON_LITERAL_NULL_CONVERSION = YES;
				CLANG_WARN_OBJC_IMPLICIT_RETAIN_SELF = YES;
				CLANG_WARN_OBJC_LITERAL_CONVERSION = YES;
				CLANG_WARN_OBJC_ROOT_CLASS = YES_ERROR;
				CLANG_WARN_RANGE_LOOP_ANALYSIS = YES;
				CLANG_WARN_STRICT_PROTOTYPES = YES;
				CLANG_WARN_SUSPICIOUS_MOVE = YES;
				CLANG_WARN_UNGUARDED_AVAILABILITY = YES_AGGRESSIVE;
				CLANG_WARN_UNREACHABLE_CODE = YES;
				CLANG_WARN__DUPLICATE_METHOD_MATCH = YES;
				CODE_SIGN_IDENTITY = "iPhone Developer";
				COPY_PHASE_STRIP = NO;
				DEBUG_INFORMATION_FORMAT = dwarf;
				ENABLE_STRICT_OBJC_MSGSEND = YES;
				ENABLE_TESTABILITY = YES;
				GCC_C_LANGUAGE_STANDARD = gnu11;
				GCC_DYNAMIC_NO_PIC = NO;
				GCC_NO_COMMON_BLOCKS = YES;
				GCC_OPTIMIZATION_LEVEL = 0;
				GCC_PREPROCESSOR_DEFINITIONS = (
					"DEBUG=1",
					"$(inherited)",
				);
				GCC_WARN_64_TO_32_BIT_CONVERSION = YES;
				GCC_WARN_ABOUT_RETURN_TYPE = YES_ERROR;
				GCC_WARN_UNDECLARED_SELECTOR = YES;
				GCC_WARN_UNINITIALIZED_AUTOS = YES_AGGRESSIVE;
				GCC_WARN_UNUSED_FUNCTION = YES;
				GCC_WARN_UNUSED_VARIABLE = YES;
				IPHONEOS_DEPLOYMENT_TARGET = 12.1;
				MTL_ENABLE_DEBUG_INFO = INCLUDE_SOURCE;
				MTL_FAST_MATH = YES;
				ONLY_ACTIVE_ARCH = YES;
				SDKROOT = iphoneos;
				SWIFT_ACTIVE_COMPILATION_CONDITIONS = DEBUG;
				SWIFT_OPTIMIZATION_LEVEL = "-Onone";
			};
			name = Debug;
		};
		7110F68A220D493800A8116C /* Release */ = {
			isa = XCBuildConfiguration;
			buildSettings = {
				ALWAYS_SEARCH_USER_PATHS = NO;
				CLANG_ANALYZER_NONNULL = YES;
				CLANG_ANALYZER_NUMBER_OBJECT_CONVERSION = YES_AGGRESSIVE;
				CLANG_CXX_LANGUAGE_STANDARD = "gnu++14";
				CLANG_CXX_LIBRARY = "libc++";
				CLANG_ENABLE_MODULES = YES;
				CLANG_ENABLE_OBJC_ARC = YES;
				CLANG_ENABLE_OBJC_WEAK = YES;
				CLANG_WARN_BLOCK_CAPTURE_AUTORELEASING = YES;
				CLANG_WARN_BOOL_CONVERSION = YES;
				CLANG_WARN_COMMA = YES;
				CLANG_WARN_CONSTANT_CONVERSION = YES;
				CLANG_WARN_DEPRECATED_OBJC_IMPLEMENTATIONS = YES;
				CLANG_WARN_DIRECT_OBJC_ISA_USAGE = YES_ERROR;
				CLANG_WARN_DOCUMENTATION_COMMENTS = YES;
				CLANG_WARN_EMPTY_BODY = YES;
				CLANG_WARN_ENUM_CONVERSION = YES;
				CLANG_WARN_INFINITE_RECURSION = YES;
				CLANG_WARN_INT_CONVERSION = YES;
				CLANG_WARN_NON_LITERAL_NULL_CONVERSION = YES;
				CLANG_WARN_OBJC_IMPLICIT_RETAIN_SELF = YES;
				CLANG_WARN_OBJC_LITERAL_CONVERSION = YES;
				CLANG_WARN_OBJC_ROOT_CLASS = YES_ERROR;
				CLANG_WARN_RANGE_LOOP_ANALYSIS = YES;
				CLANG_WARN_STRICT_PROTOTYPES = YES;
				CLANG_WARN_SUSPICIOUS_MOVE = YES;
				CLANG_WARN_UNGUARDED_AVAILABILITY = YES_AGGRESSIVE;
				CLANG_WARN_UNREACHABLE_CODE = YES;
				CLANG_WARN__DUPLICATE_METHOD_MATCH = YES;
				CODE_SIGN_IDENTITY = "iPhone Developer";
				COPY_PHASE_STRIP = NO;
				DEBUG_INFORMATION_FORMAT = "dwarf-with-dsym";
				ENABLE_NS_ASSERTIONS = NO;
				ENABLE_STRICT_OBJC_MSGSEND = YES;
				GCC_C_LANGUAGE_STANDARD = gnu11;
				GCC_NO_COMMON_BLOCKS = YES;
				GCC_WARN_64_TO_32_BIT_CONVERSION = YES;
				GCC_WARN_ABOUT_RETURN_TYPE = YES_ERROR;
				GCC_WARN_UNDECLARED_SELECTOR = YES;
				GCC_WARN_UNINITIALIZED_AUTOS = YES_AGGRESSIVE;
				GCC_WARN_UNUSED_FUNCTION = YES;
				GCC_WARN_UNUSED_VARIABLE = YES;
				IPHONEOS_DEPLOYMENT_TARGET = 12.1;
				MTL_ENABLE_DEBUG_INFO = NO;
				MTL_FAST_MATH = YES;
				SDKROOT = iphoneos;
				SWIFT_COMPILATION_MODE = wholemodule;
				SWIFT_OPTIMIZATION_LEVEL = "-O";
				VALIDATE_PRODUCT = YES;
			};
			name = Release;
		};
		7110F68C220D493800A8116C /* Debug */ = {
			isa = XCBuildConfiguration;
			baseConfigurationReference = 473F003F8CC1292E6871C0E4 /* Pods-flix.debug.xcconfig */;
			buildSettings = {
				ASSETCATALOG_COMPILER_APPICON_NAME = AppIcon;
				CODE_SIGN_STYLE = Automatic;
				INFOPLIST_FILE = flix/Info.plist;
				LD_RUNPATH_SEARCH_PATHS = (
					"$(inherited)",
					"@executable_path/Frameworks",
				);
				PRODUCT_BUNDLE_IDENTIFIER = com.ezanatesfaye.flix;
				PRODUCT_NAME = "$(TARGET_NAME)";
				SWIFT_VERSION = 4.2;
				TARGETED_DEVICE_FAMILY = "1,2";
			};
			name = Debug;
		};
		7110F68D220D493800A8116C /* Release */ = {
			isa = XCBuildConfiguration;
			baseConfigurationReference = B37E84904F45E45C7AAC3C71 /* Pods-flix.release.xcconfig */;
			buildSettings = {
				ASSETCATALOG_COMPILER_APPICON_NAME = AppIcon;
				CODE_SIGN_STYLE = Automatic;
				INFOPLIST_FILE = flix/Info.plist;
				LD_RUNPATH_SEARCH_PATHS = (
					"$(inherited)",
					"@executable_path/Frameworks",
				);
				PRODUCT_BUNDLE_IDENTIFIER = com.ezanatesfaye.flix;
				PRODUCT_NAME = "$(TARGET_NAME)";
				SWIFT_VERSION = 4.2;
				TARGETED_DEVICE_FAMILY = "1,2";
			};
			name = Release;
		};
		7110F68F220D493800A8116C /* Debug */ = {
			isa = XCBuildConfiguration;
			baseConfigurationReference = 8B5D77A60DFDF07DA1941BF9 /* Pods-flixTests.debug.xcconfig */;
			buildSettings = {
				ALWAYS_EMBED_SWIFT_STANDARD_LIBRARIES = YES;
				BUNDLE_LOADER = "$(TEST_HOST)";
				CODE_SIGN_STYLE = Automatic;
				INFOPLIST_FILE = flixTests/Info.plist;
				LD_RUNPATH_SEARCH_PATHS = (
					"$(inherited)",
					"@executable_path/Frameworks",
					"@loader_path/Frameworks",
				);
				PRODUCT_BUNDLE_IDENTIFIER = com.ezanatesfaye.flixTests;
				PRODUCT_NAME = "$(TARGET_NAME)";
				SWIFT_VERSION = 4.2;
				TARGETED_DEVICE_FAMILY = "1,2";
				TEST_HOST = "$(BUILT_PRODUCTS_DIR)/flix.app/flix";
			};
			name = Debug;
		};
		7110F690220D493800A8116C /* Release */ = {
			isa = XCBuildConfiguration;
			baseConfigurationReference = 26240B22259ABB4EC74C742B /* Pods-flixTests.release.xcconfig */;
			buildSettings = {
				ALWAYS_EMBED_SWIFT_STANDARD_LIBRARIES = YES;
				BUNDLE_LOADER = "$(TEST_HOST)";
				CODE_SIGN_STYLE = Automatic;
				INFOPLIST_FILE = flixTests/Info.plist;
				LD_RUNPATH_SEARCH_PATHS = (
					"$(inherited)",
					"@executable_path/Frameworks",
					"@loader_path/Frameworks",
				);
				PRODUCT_BUNDLE_IDENTIFIER = com.ezanatesfaye.flixTests;
				PRODUCT_NAME = "$(TARGET_NAME)";
				SWIFT_VERSION = 4.2;
				TARGETED_DEVICE_FAMILY = "1,2";
				TEST_HOST = "$(BUILT_PRODUCTS_DIR)/flix.app/flix";
			};
			name = Release;
		};
		7110F692220D493800A8116C /* Debug */ = {
			isa = XCBuildConfiguration;
			baseConfigurationReference = D2117FA869C4AB26A48FA40B /* Pods-flixUITests.debug.xcconfig */;
			buildSettings = {
				ALWAYS_EMBED_SWIFT_STANDARD_LIBRARIES = YES;
				CODE_SIGN_STYLE = Automatic;
				INFOPLIST_FILE = flixUITests/Info.plist;
				LD_RUNPATH_SEARCH_PATHS = (
					"$(inherited)",
					"@executable_path/Frameworks",
					"@loader_path/Frameworks",
				);
				PRODUCT_BUNDLE_IDENTIFIER = com.ezanatesfaye.flixUITests;
				PRODUCT_NAME = "$(TARGET_NAME)";
				SWIFT_VERSION = 4.2;
				TARGETED_DEVICE_FAMILY = "1,2";
				TEST_TARGET_NAME = flix;
			};
			name = Debug;
		};
		7110F693220D493800A8116C /* Release */ = {
			isa = XCBuildConfiguration;
			baseConfigurationReference = B39492387A6988B28F11C236 /* Pods-flixUITests.release.xcconfig */;
			buildSettings = {
				ALWAYS_EMBED_SWIFT_STANDARD_LIBRARIES = YES;
				CODE_SIGN_STYLE = Automatic;
				INFOPLIST_FILE = flixUITests/Info.plist;
				LD_RUNPATH_SEARCH_PATHS = (
					"$(inherited)",
					"@executable_path/Frameworks",
					"@loader_path/Frameworks",
				);
				PRODUCT_BUNDLE_IDENTIFIER = com.ezanatesfaye.flixUITests;
				PRODUCT_NAME = "$(TARGET_NAME)";
				SWIFT_VERSION = 4.2;
				TARGETED_DEVICE_FAMILY = "1,2";
				TEST_TARGET_NAME = flix;
			};
			name = Release;
		};
/* End XCBuildConfiguration section */

/* Begin XCConfigurationList section */
		7110F65E220D493500A8116C /* Build configuration list for PBXProject "flix" */ = {
			isa = XCConfigurationList;
			buildConfigurations = (
				7110F689220D493800A8116C /* Debug */,
				7110F68A220D493800A8116C /* Release */,
			);
			defaultConfigurationIsVisible = 0;
			defaultConfigurationName = Release;
		};
		7110F68B220D493800A8116C /* Build configuration list for PBXNativeTarget "flix" */ = {
			isa = XCConfigurationList;
			buildConfigurations = (
				7110F68C220D493800A8116C /* Debug */,
				7110F68D220D493800A8116C /* Release */,
			);
			defaultConfigurationIsVisible = 0;
			defaultConfigurationName = Release;
		};
		7110F68E220D493800A8116C /* Build configuration list for PBXNativeTarget "flixTests" */ = {
			isa = XCConfigurationList;
			buildConfigurations = (
				7110F68F220D493800A8116C /* Debug */,
				7110F690220D493800A8116C /* Release */,
			);
			defaultConfigurationIsVisible = 0;
			defaultConfigurationName = Release;
		};
		7110F691220D493800A8116C /* Build configuration list for PBXNativeTarget "flixUITests" */ = {
			isa = XCConfigurationList;
			buildConfigurations = (
				7110F692220D493800A8116C /* Debug */,
				7110F693220D493800A8116C /* Release */,
			);
			defaultConfigurationIsVisible = 0;
			defaultConfigurationName = Release;
		};
/* End XCConfigurationList section */
	};
	rootObject = 7110F65B220D493500A8116C /* Project object */;
}
